
Microsoft Visual Studio Solution File, Format Version 12.00
# Visual Studio 15
VisualStudioVersion = 15.0.27428.2015
MinimumVisualStudioVersion = 10.0.40219.1
Project("{FAE04EC0-301F-11D3-BF4B-00C04F79EFBC}") = "NatSim", "NatSim\NatSim.csproj", "{B4296DEF-9F53-4BB9-B573-C752F32F0CD1}"
EndProject
Global
	GlobalSection(SolutionConfigurationPlatforms) = preSolution
		Debug|Any CPU = Debug|Any CPU
		Release|Any CPU = Release|Any CPU
	EndGlobalSection
	GlobalSection(ProjectConfigurationPlatforms) = postSolution
		{B4296DEF-9F53-4BB9-B573-C752F32F0CD1}.Debug|Any CPU.ActiveCfg = Debug|Any CPU
		{B4296DEF-9F53-4BB9-B573-C752F32F0CD1}.Debug|Any CPU.Build.0 = Debug|Any CPU
		{B4296DEF-9F53-4BB9-B573-C752F32F0CD1}.Release|Any CPU.ActiveCfg = Release|Any CPU
		{B4296DEF-9F53-4BB9-B573-C752F32F0CD1}.Release|Any CPU.Build.0 = Release|Any CPU
	EndGlobalSection
	GlobalSection(SolutionProperties) = preSolution
		HideSolutionNode = FALSE
	EndGlobalSection
	GlobalSection(ExtensibilityGlobals) = postSolution
		SolutionGuid = {F51A8CCD-86F6-4291-9BB9-A126CF97AB3A}
	EndGlobalSection
EndGlobal
